
Microsoft Visual Studio Solution File, Format Version 12.00
Project("{FAE04EC0-301F-11D3-BF4B-00C04F79EFBC}") = "Presentation", "Presentation\Presentation.csproj", "{EF8D376C-1575-438F-9ADE-EA3FABFCDBF8}"
EndProject
Project("{FAE04EC0-301F-11D3-BF4B-00C04F79EFBC}") = "Application", "Application\Application.csproj", "{A5EE0F36-6D7C-4B72-8A30-D48953006821}"
EndProject
Project("{FAE04EC0-301F-11D3-BF4B-00C04F79EFBC}") = "HeadlessScrapper", "HeadlessScrapper\HeadlessScrapper.csproj", "{0F961AF1-4084-4005-8F8B-F405F3F62E49}"
EndProject
Project("{FAE04EC0-301F-11D3-BF4B-00C04F79EFBC}") = "Persistence", "Persistence\Persistence.csproj", "{FA39BA2C-0C97-4966-A5D5-4DAFE4E89A31}"
EndProject
Global
	GlobalSection(SolutionConfigurationPlatforms) = preSolution
		Debug|Any CPU = Debug|Any CPU
		Release|Any CPU = Release|Any CPU
	EndGlobalSection
	GlobalSection(ProjectConfigurationPlatforms) = postSolution
		{EF8D376C-1575-438F-9ADE-EA3FABFCDBF8}.Debug|Any CPU.ActiveCfg = Debug|Any CPU
		{EF8D376C-1575-438F-9ADE-EA3FABFCDBF8}.Debug|Any CPU.Build.0 = Debug|Any CPU
		{EF8D376C-1575-438F-9ADE-EA3FABFCDBF8}.Release|Any CPU.ActiveCfg = Release|Any CPU
		{EF8D376C-1575-438F-9ADE-EA3FABFCDBF8}.Release|Any CPU.Build.0 = Release|Any CPU
		{A5EE0F36-6D7C-4B72-8A30-D48953006821}.Debug|Any CPU.ActiveCfg = Debug|Any CPU
		{A5EE0F36-6D7C-4B72-8A30-D48953006821}.Debug|Any CPU.Build.0 = Debug|Any CPU
		{A5EE0F36-6D7C-4B72-8A30-D48953006821}.Release|Any CPU.ActiveCfg = Release|Any CPU
		{A5EE0F36-6D7C-4B72-8A30-D48953006821}.Release|Any CPU.Build.0 = Release|Any CPU
		{0F961AF1-4084-4005-8F8B-F405F3F62E49}.Debug|Any CPU.ActiveCfg = Debug|Any CPU
		{0F961AF1-4084-4005-8F8B-F405F3F62E49}.Debug|Any CPU.Build.0 = Debug|Any CPU
		{0F961AF1-4084-4005-8F8B-F405F3F62E49}.Release|Any CPU.ActiveCfg = Release|Any CPU
		{0F961AF1-4084-4005-8F8B-F405F3F62E49}.Release|Any CPU.Build.0 = Release|Any CPU
		{FA39BA2C-0C97-4966-A5D5-4DAFE4E89A31}.Debug|Any CPU.ActiveCfg = Debug|Any CPU
		{FA39BA2C-0C97-4966-A5D5-4DAFE4E89A31}.Debug|Any CPU.Build.0 = Debug|Any CPU
		{FA39BA2C-0C97-4966-A5D5-4DAFE4E89A31}.Release|Any CPU.ActiveCfg = Release|Any CPU
		{FA39BA2C-0C97-4966-A5D5-4DAFE4E89A31}.Release|Any CPU.Build.0 = Release|Any CPU
	EndGlobalSection
EndGlobal
